
Microsoft Visual Studio Solution File, Format Version 12.00
# Visual Studio 15
VisualStudioVersion = 15.0.28307.136
MinimumVisualStudioVersion = 10.0.40219.1
Project("{FAE04EC0-301F-11D3-BF4B-00C04F79EFBC}") = "SCEW", "SCEW\SCEW.csproj", "{A7D765A8-8387-4382-9146-B86873CCBC32}"
EndProject
Global
	GlobalSection(SolutionConfigurationPlatforms) = preSolution
		Debug|Any CPU = Debug|Any CPU
		Release|Any CPU = Release|Any CPU
	EndGlobalSection
	GlobalSection(ProjectConfigurationPlatforms) = postSolution
		{A7D765A8-8387-4382-9146-B86873CCBC32}.Debug|Any CPU.ActiveCfg = Debug|Any CPU
		{A7D765A8-8387-4382-9146-B86873CCBC32}.Debug|Any CPU.Build.0 = Debug|Any CPU
		{A7D765A8-8387-4382-9146-B86873CCBC32}.Release|Any CPU.ActiveCfg = Release|Any CPU
		{A7D765A8-8387-4382-9146-B86873CCBC32}.Release|Any CPU.Build.0 = Release|Any CPU
	EndGlobalSection
	GlobalSection(SolutionProperties) = preSolution
		HideSolutionNode = FALSE
	EndGlobalSection
	GlobalSection(ExtensibilityGlobals) = postSolution
		SolutionGuid = {E6754369-5ABC-48BF-8EDB-2A6E6FDA31C3}
	EndGlobalSection
EndGlobal
